
Microsoft Visual Studio Solution File, Format Version 12.00
# Visual Studio Version 16
VisualStudioVersion = 16.0.30907.101
MinimumVisualStudioVersion = 10.0.40219.1
Project("{FAE04EC0-301F-11D3-BF4B-00C04F79EFBC}") = "noleggio_veicoli_VS", "noleggio_veicoli_VS\noleggio_veicoli_VS.csproj", "{433CD260-69F6-4A38-8F85-769987CD8E8F}"
EndProject
Project("{2150E333-8FDC-42A3-9474-1A3956D46DE8}") = "Solution Items", "Solution Items", "{D5C02E6C-EA56-4149-A729-609E56C41792}"
	ProjectSection(SolutionItems) = preProject
		.editorconfig = .editorconfig
	EndProjectSection
EndProject
Global
	GlobalSection(SolutionConfigurationPlatforms) = preSolution
		Debug|Any CPU = Debug|Any CPU
		Release|Any CPU = Release|Any CPU
	EndGlobalSection
	GlobalSection(ProjectConfigurationPlatforms) = postSolution
		{433CD260-69F6-4A38-8F85-769987CD8E8F}.Debug|Any CPU.ActiveCfg = Debug|Any CPU
		{433CD260-69F6-4A38-8F85-769987CD8E8F}.Debug|Any CPU.Build.0 = Debug|Any CPU
		{433CD260-69F6-4A38-8F85-769987CD8E8F}.Release|Any CPU.ActiveCfg = Release|Any CPU
		{433CD260-69F6-4A38-8F85-769987CD8E8F}.Release|Any CPU.Build.0 = Release|Any CPU
	EndGlobalSection
	GlobalSection(SolutionProperties) = preSolution
		HideSolutionNode = FALSE
	EndGlobalSection
	GlobalSection(ExtensibilityGlobals) = postSolution
		SolutionGuid = {C35D300C-BCC0-4CDE-83A9-0F7EE1571907}
	EndGlobalSection
EndGlobal
